
Microsoft Visual Studio Solution File, Format Version 12.00
# Visual Studio Version 16
VisualStudioVersion = 16.0.31105.61
MinimumVisualStudioVersion = 10.0.40219.1
Project("{FAE04EC0-301F-11D3-BF4B-00C04F79EFBC}") = "Player", "Player\Player.csproj", "{54E6B2F1-A38E-4C62-B093-54F5840CC30E}"
EndProject
Global
	GlobalSection(SolutionConfigurationPlatforms) = preSolution
		Debug|Any CPU = Debug|Any CPU
		Release|Any CPU = Release|Any CPU
	EndGlobalSection
	GlobalSection(ProjectConfigurationPlatforms) = postSolution
		{54E6B2F1-A38E-4C62-B093-54F5840CC30E}.Debug|Any CPU.ActiveCfg = Debug|Any CPU
		{54E6B2F1-A38E-4C62-B093-54F5840CC30E}.Debug|Any CPU.Build.0 = Debug|Any CPU
		{54E6B2F1-A38E-4C62-B093-54F5840CC30E}.Release|Any CPU.ActiveCfg = Release|Any CPU
		{54E6B2F1-A38E-4C62-B093-54F5840CC30E}.Release|Any CPU.Build.0 = Release|Any CPU
	EndGlobalSection
	GlobalSection(SolutionProperties) = preSolution
		HideSolutionNode = FALSE
	EndGlobalSection
	GlobalSection(ExtensibilityGlobals) = postSolution
		SolutionGuid = {53BE2054-5D65-435F-8875-FD8C4F50EF20}
	EndGlobalSection
EndGlobal
